// !$*UTF8*$!
{
	archiveVersion = 1;
	classes = {
	};
	objectVersion = 46;
	objects = {

/* Begin PBXBuildFile section */
		FF0B2A7E1E89428D00A2A111 /* StudentDetailsTableVC.swift in Sources */ = {isa = PBXBuildFile; fileRef = FF0B2A7D1E89428D00A2A111 /* StudentDetailsTableVC.swift */; };
		FF1789B91E8926D20009F8C8 /* AppDelegate.swift in Sources */ = {isa = PBXBuildFile; fileRef = FF1789B81E8926D20009F8C8 /* AppDelegate.swift */; };
		FF1789BE1E8926D20009F8C8 /* Main.storyboard in Resources */ = {isa = PBXBuildFile; fileRef = FF1789BC1E8926D20009F8C8 /* Main.storyboard */; };
		FF1789C11E8926D20009F8C8 /* StudentsManagement.xcdatamodeld in Sources */ = {isa = PBXBuildFile; fileRef = FF1789BF1E8926D20009F8C8 /* StudentsManagement.xcdatamodeld */; };
		FF1789C31E8926D20009F8C8 /* Assets.xcassets in Resources */ = {isa = PBXBuildFile; fileRef = FF1789C21E8926D20009F8C8 /* Assets.xcassets */; };
		FF1789C61E8926D20009F8C8 /* LaunchScreen.storyboard in Resources */ = {isa = PBXBuildFile; fileRef = FF1789C41E8926D20009F8C8 /* LaunchScreen.storyboard */; };
		FF1789D71E892F620009F8C8 /* StudentsTableViewController.swift in Sources */ = {isa = PBXBuildFile; fileRef = FF1789D61E892F620009F8C8 /* StudentsTableViewController.swift */; };
		FF1789D91E89311E0009F8C8 /* DataServices.swift in Sources */ = {isa = PBXBuildFile; fileRef = FF1789D81E89311E0009F8C8 /* DataServices.swift */; };
		FF1789DB1E8932A10009F8C8 /* Student.swift in Sources */ = {isa = PBXBuildFile; fileRef = FF1789DA1E8932A10009F8C8 /* Student.swift */; };
		FF1789E31E89337C0009F8C8 /* StudentsManagementTests.swift in Sources */ = {isa = PBXBuildFile; fileRef = FF1789E21E89337C0009F8C8 /* StudentsManagementTests.swift */; };
		FF1789EA1E8933BE0009F8C8 /* Student.swift in Sources */ = {isa = PBXBuildFile; fileRef = FF1789DA1E8932A10009F8C8 /* Student.swift */; };
		FF281D491E89FFF3006F146C /* Button.swift in Sources */ = {isa = PBXBuildFile; fileRef = FF281D481E89FFF3006F146C /* Button.swift */; };
		FF76659C1E8B6B8C00E4DF94 /* StudentCell.swift in Sources */ = {isa = PBXBuildFile; fileRef = FF76659B1E8B6B8C00E4DF94 /* StudentCell.swift */; };
		FF9C1CFB1E8B2C780081847C /* ImageView.swift in Sources */ = {isa = PBXBuildFile; fileRef = FF9C1CFA1E8B2C780081847C /* ImageView.swift */; };
/* End PBXBuildFile section */

/* Begin PBXContainerItemProxy section */
		FF1789E51E89337C0009F8C8 /* PBXContainerItemProxy */ = {
			isa = PBXContainerItemProxy;
			containerPortal = FF1789AD1E8926D20009F8C8 /* Project object */;
			proxyType = 1;
			remoteGlobalIDString = FF1789B41E8926D20009F8C8;
			remoteInfo = StudentsManagement;
		};
/* End PBXContainerItemProxy section */

/* Begin PBXFileReference section */
		FF0B2A7D1E89428D00A2A111 /* StudentDetailsTableVC.swift */ = {isa = PBXFileReference; fileEncoding = 4; lastKnownFileType = sourcecode.swift; path = StudentDetailsTableVC.swift; sourceTree = "<group>"; };
		FF1789B51E8926D20009F8C8 /* StudentsManagement.app */ = {isa = PBXFileReference; explicitFileType = wrapper.application; includeInIndex = 0; path = StudentsManagement.app; sourceTree = BUILT_PRODUCTS_DIR; };
		FF1789B81E8926D20009F8C8 /* AppDelegate.swift */ = {isa = PBXFileReference; lastKnownFileType = sourcecode.swift; path = AppDelegate.swift; sourceTree = "<group>"; };
		FF1789BD1E8926D20009F8C8 /* Base */ = {isa = PBXFileReference; lastKnownFileType = file.storyboard; name = Base; path = Base.lproj/Main.storyboard; sourceTree = "<group>"; };
		FF1789C01E8926D20009F8C8 /* StudentsManagement.xcdatamodel */ = {isa = PBXFileReference; lastKnownFileType = wrapper.xcdatamodel; path = StudentsManagement.xcdatamodel; sourceTree = "<group>"; };
		FF1789C21E8926D20009F8C8 /* Assets.xcassets */ = {isa = PBXFileReference; lastKnownFileType = folder.assetcatalog; path = Assets.xcassets; sourceTree = "<group>"; };
		FF1789C51E8926D20009F8C8 /* Base */ = {isa = PBXFileReference; lastKnownFileType = file.storyboard; name = Base; path = Base.lproj/LaunchScreen.storyboard; sourceTree = "<group>"; };
		FF1789C71E8926D20009F8C8 /* Info.plist */ = {isa = PBXFileReference; lastKnownFileType = text.plist.xml; path = Info.plist; sourceTree = "<group>"; };
		FF1789D61E892F620009F8C8 /* StudentsTableViewController.swift */ = {isa = PBXFileReference; fileEncoding = 4; lastKnownFileType = sourcecode.swift; path = StudentsTableViewController.swift; sourceTree = "<group>"; };
		FF1789D81E89311E0009F8C8 /* DataServices.swift */ = {isa = PBXFileReference; fileEncoding = 4; lastKnownFileType = sourcecode.swift; path = DataServices.swift; sourceTree = "<group>"; };
		FF1789DA1E8932A10009F8C8 /* Student.swift */ = {isa = PBXFileReference; fileEncoding = 4; lastKnownFileType = sourcecode.swift; path = Student.swift; sourceTree = "<group>"; };
		FF1789E01E89337C0009F8C8 /* StudentsManagementTests.xctest */ = {isa = PBXFileReference; explicitFileType = wrapper.cfbundle; includeInIndex = 0; path = StudentsManagementTests.xctest; sourceTree = BUILT_PRODUCTS_DIR; };
		FF1789E21E89337C0009F8C8 /* StudentsManagementTests.swift */ = {isa = PBXFileReference; lastKnownFileType = sourcecode.swift; path = StudentsManagementTests.swift; sourceTree = "<group>"; };
		FF1789E41E89337C0009F8C8 /* Info.plist */ = {isa = PBXFileReference; lastKnownFileType = text.plist.xml; path = Info.plist; sourceTree = "<group>"; };
		FF281D481E89FFF3006F146C /* Button.swift */ = {isa = PBXFileReference; fileEncoding = 4; lastKnownFileType = sourcecode.swift; path = Button.swift; sourceTree = "<group>"; };
		FF76659B1E8B6B8C00E4DF94 /* StudentCell.swift */ = {isa = PBXFileReference; fileEncoding = 4; lastKnownFileType = sourcecode.swift; path = StudentCell.swift; sourceTree = "<group>"; };
		FF9C1CFA1E8B2C780081847C /* ImageView.swift */ = {isa = PBXFileReference; fileEncoding = 4; lastKnownFileType = sourcecode.swift; path = ImageView.swift; sourceTree = "<group>"; };
/* End PBXFileReference section */

/* Begin PBXFrameworksBuildPhase section */
		FF1789B21E8926D20009F8C8 /* Frameworks */ = {
			isa = PBXFrameworksBuildPhase;
			buildActionMask = 2147483647;
			files = (
			);
			runOnlyForDeploymentPostprocessing = 0;
		};
		FF1789DD1E89337C0009F8C8 /* Frameworks */ = {
			isa = PBXFrameworksBuildPhase;
			buildActionMask = 2147483647;
			files = (
			);
			runOnlyForDeploymentPostprocessing = 0;
		};
/* End PBXFrameworksBuildPhase section */

/* Begin PBXGroup section */
		FF1789AC1E8926D20009F8C8 = {
			isa = PBXGroup;
			children = (
				FF1789B71E8926D20009F8C8 /* StudentsManagement */,
				FF1789E11E89337C0009F8C8 /* StudentsManagementTests */,
				FF1789B61E8926D20009F8C8 /* Products */,
			);
			sourceTree = "<group>";
		};
		FF1789B61E8926D20009F8C8 /* Products */ = {
			isa = PBXGroup;
			children = (
				FF1789B51E8926D20009F8C8 /* StudentsManagement.app */,
				FF1789E01E89337C0009F8C8 /* StudentsManagementTests.xctest */,
			);
			name = Products;
			sourceTree = "<group>";
		};
		FF1789B71E8926D20009F8C8 /* StudentsManagement */ = {
			isa = PBXGroup;
			children = (
				FF1789B81E8926D20009F8C8 /* AppDelegate.swift */,
				FF1789D11E8927810009F8C8 /* Services */,
				FF1789CE1E8927040009F8C8 /* Model */,
				FF1789CD1E8926F00009F8C8 /* Controller */,
				FF1789C21E8926D20009F8C8 /* Assets.xcassets */,
				FF1789BC1E8926D20009F8C8 /* Main.storyboard */,
				FF1789BF1E8926D20009F8C8 /* StudentsManagement.xcdatamodeld */,
				FF1789C41E8926D20009F8C8 /* LaunchScreen.storyboard */,
				FF1789C71E8926D20009F8C8 /* Info.plist */,
				FF281D481E89FFF3006F146C /* Button.swift */,
				FF9C1CFA1E8B2C780081847C /* ImageView.swift */,
			);
			path = StudentsManagement;
			sourceTree = "<group>";
		};
		FF1789CD1E8926F00009F8C8 /* Controller */ = {
			isa = PBXGroup;
			children = (
				FF1789D61E892F620009F8C8 /* StudentsTableViewController.swift */,
				FF0B2A7D1E89428D00A2A111 /* StudentDetailsTableVC.swift */,
				FF76659B1E8B6B8C00E4DF94 /* StudentCell.swift */,
			);
			name = Controller;
			sourceTree = "<group>";
		};
		FF1789CE1E8927040009F8C8 /* Model */ = {
			isa = PBXGroup;
			children = (
				FF1789DA1E8932A10009F8C8 /* Student.swift */,
			);
			name = Model;
			sourceTree = "<group>";
		};
		FF1789D11E8927810009F8C8 /* Services */ = {
			isa = PBXGroup;
			children = (
				FF1789D81E89311E0009F8C8 /* DataServices.swift */,
			);
			name = Services;
			sourceTree = "<group>";
		};
		FF1789E11E89337C0009F8C8 /* StudentsManagementTests */ = {
			isa = PBXGroup;
			children = (
				FF1789E21E89337C0009F8C8 /* StudentsManagementTests.swift */,
				FF1789E41E89337C0009F8C8 /* Info.plist */,
			);
			path = StudentsManagementTests;
			sourceTree = "<group>";
		};
/* End PBXGroup section */

/* Begin PBXNativeTarget section */
		FF1789B41E8926D20009F8C8 /* StudentsManagement */ = {
			isa = PBXNativeTarget;
			buildConfigurationList = FF1789CA1E8926D20009F8C8 /* Build configuration list for PBXNativeTarget "StudentsManagement" */;
			buildPhases = (
				FF1789B11E8926D20009F8C8 /* Sources */,
				FF1789B21E8926D20009F8C8 /* Frameworks */,
				FF1789B31E8926D20009F8C8 /* Resources */,
			);
			buildRules = (
			);
			dependencies = (
			);
			name = StudentsManagement;
			productName = StudentsManagement;
			productReference = FF1789B51E8926D20009F8C8 /* StudentsManagement.app */;
			productType = "com.apple.product-type.application";
		};
		FF1789DF1E89337C0009F8C8 /* StudentsManagementTests */ = {
			isa = PBXNativeTarget;
			buildConfigurationList = FF1789E71E89337C0009F8C8 /* Build configuration list for PBXNativeTarget "StudentsManagementTests" */;
			buildPhases = (
				FF1789DC1E89337C0009F8C8 /* Sources */,
				FF1789DD1E89337C0009F8C8 /* Frameworks */,
				FF1789DE1E89337C0009F8C8 /* Resources */,
			);
			buildRules = (
			);
			dependencies = (
				FF1789E61E89337C0009F8C8 /* PBXTargetDependency */,
			);
			name = StudentsManagementTests;
			productName = StudentsManagementTests;
			productReference = FF1789E01E89337C0009F8C8 /* StudentsManagementTests.xctest */;
			productType = "com.apple.product-type.bundle.unit-test";
		};
/* End PBXNativeTarget section */

/* Begin PBXProject section */
		FF1789AD1E8926D20009F8C8 /* Project object */ = {
			isa = PBXProject;
			attributes = {
				LastSwiftUpdateCheck = 0830;
				LastUpgradeCheck = 0830;
				ORGANIZATIONNAME = "Trương Thắng";
				TargetAttributes = {
					FF1789B41E8926D20009F8C8 = {
						CreatedOnToolsVersion = 8.3;
						DevelopmentTeam = 56AJJ634ZU;
						ProvisioningStyle = Automatic;
					};
					FF1789DF1E89337C0009F8C8 = {
						CreatedOnToolsVersion = 8.3;
						DevelopmentTeam = 56AJJ634ZU;
						ProvisioningStyle = Automatic;
						TestTargetID = FF1789B41E8926D20009F8C8;
					};
				};
			};
			buildConfigurationList = FF1789B01E8926D20009F8C8 /* Build configuration list for PBXProject "StudentsManagement" */;
			compatibilityVersion = "Xcode 3.2";
			developmentRegion = English;
			hasScannedForEncodings = 0;
			knownRegions = (
				en,
				Base,
			);
			mainGroup = FF1789AC1E8926D20009F8C8;
			productRefGroup = FF1789B61E8926D20009F8C8 /* Products */;
			projectDirPath = "";
			projectRoot = "";
			targets = (
				FF1789B41E8926D20009F8C8 /* StudentsManagement */,
				FF1789DF1E89337C0009F8C8 /* StudentsManagementTests */,
			);
		};
/* End PBXProject section */

/* Begin PBXResourcesBuildPhase section */
		FF1789B31E8926D20009F8C8 /* Resources */ = {
			isa = PBXResourcesBuildPhase;
			buildActionMask = 2147483647;
			files = (
				FF1789C61E8926D20009F8C8 /* LaunchScreen.storyboard in Resources */,
				FF1789C31E8926D20009F8C8 /* Assets.xcassets in Resources */,
				FF1789BE1E8926D20009F8C8 /* Main.storyboard in Resources */,
			);
			runOnlyForDeploymentPostprocessing = 0;
		};
		FF1789DE1E89337C0009F8C8 /* Resources */ = {
			isa = PBXResourcesBuildPhase;
			buildActionMask = 2147483647;
			files = (
			);
			runOnlyForDeploymentPostprocessing = 0;
		};
/* End PBXResourcesBuildPhase section */

/* Begin PBXSourcesBuildPhase section */
		FF1789B11E8926D20009F8C8 /* Sources */ = {
			isa = PBXSourcesBuildPhase;
			buildActionMask = 2147483647;
			files = (
				FF9C1CFB1E8B2C780081847C /* ImageView.swift in Sources */,
				FF281D491E89FFF3006F146C /* Button.swift in Sources */,
				FF1789B91E8926D20009F8C8 /* AppDelegate.swift in Sources */,
				FF76659C1E8B6B8C00E4DF94 /* StudentCell.swift in Sources */,
				FF1789D91E89311E0009F8C8 /* DataServices.swift in Sources */,
				FF1789C11E8926D20009F8C8 /* StudentsManagement.xcdatamodeld in Sources */,
				FF1789DB1E8932A10009F8C8 /* Student.swift in Sources */,
				FF0B2A7E1E89428D00A2A111 /* StudentDetailsTableVC.swift in Sources */,
				FF1789D71E892F620009F8C8 /* StudentsTableViewController.swift in Sources */,
			);
			runOnlyForDeploymentPostprocessing = 0;
		};
		FF1789DC1E89337C0009F8C8 /* Sources */ = {
			isa = PBXSourcesBuildPhase;
			buildActionMask = 2147483647;
			files = (
				FF1789E31E89337C0009F8C8 /* StudentsManagementTests.swift in Sources */,
				FF1789EA1E8933BE0009F8C8 /* Student.swift in Sources */,
			);
			runOnlyForDeploymentPostprocessing = 0;
		};
/* End PBXSourcesBuildPhase section */

/* Begin PBXTargetDependency section */
		FF1789E61E89337C0009F8C8 /* PBXTargetDependency */ = {
			isa = PBXTargetDependency;
			target = FF1789B41E8926D20009F8C8 /* StudentsManagement */;
			targetProxy = FF1789E51E89337C0009F8C8 /* PBXContainerItemProxy */;
		};
/* End PBXTargetDependency section */

/* Begin PBXVariantGroup section */
		FF1789BC1E8926D20009F8C8 /* Main.storyboard */ = {
			isa = PBXVariantGroup;
			children = (
				FF1789BD1E8926D20009F8C8 /* Base */,
			);
			name = Main.storyboard;
			sourceTree = "<group>";
		};
		FF1789C41E8926D20009F8C8 /* LaunchScreen.storyboard */ = {
			isa = PBXVariantGroup;
			children = (
				FF1789C51E8926D20009F8C8 /* Base */,
			);
			name = LaunchScreen.storyboard;
			sourceTree = "<group>";
		};
/* End PBXVariantGroup section */

/* Begin XCBuildConfiguration section */
		FF1789C81E8926D20009F8C8 /* Debug */ = {
			isa = XCBuildConfiguration;
			buildSettings = {
				ALWAYS_SEARCH_USER_PATHS = NO;
				CLANG_ANALYZER_NONNULL = YES;
				CLANG_ANALYZER_NUMBER_OBJECT_CONVERSION = YES_AGGRESSIVE;
				CLANG_CXX_LANGUAGE_STANDARD = "gnu++0x";
				CLANG_CXX_LIBRARY = "libc++";
				CLANG_ENABLE_MODULES = YES;
				CLANG_ENABLE_OBJC_ARC = YES;
				CLANG_WARN_BOOL_CONVERSION = YES;
				CLANG_WARN_CONSTANT_CONVERSION = YES;
				CLANG_WARN_DIRECT_OBJC_ISA_USAGE = YES_ERROR;
				CLANG_WARN_DOCUMENTATION_COMMENTS = YES;
				CLANG_WARN_EMPTY_BODY = YES;
				CLANG_WARN_ENUM_CONVERSION = YES;
				CLANG_WARN_INFINITE_RECURSION = YES;
				CLANG_WARN_INT_CONVERSION = YES;
				CLANG_WARN_OBJC_ROOT_CLASS = YES_ERROR;
				CLANG_WARN_SUSPICIOUS_MOVE = YES;
				CLANG_WARN_UNREACHABLE_CODE = YES;
				CLANG_WARN__DUPLICATE_METHOD_MATCH = YES;
				"CODE_SIGN_IDENTITY[sdk=iphoneos*]" = "iPhone Developer";
				COPY_PHASE_STRIP = NO;
				DEBUG_INFORMATION_FORMAT = dwarf;
				ENABLE_STRICT_OBJC_MSGSEND = YES;
				ENABLE_TESTABILITY = YES;
				GCC_C_LANGUAGE_STANDARD = gnu99;
				GCC_DYNAMIC_NO_PIC = NO;
				GCC_NO_COMMON_BLOCKS = YES;
				GCC_OPTIMIZATION_LEVEL = 0;
				GCC_PREPROCESSOR_DEFINITIONS = (
					"DEBUG=1",
					"$(inherited)",
				);
				GCC_WARN_64_TO_32_BIT_CONVERSION = YES;
				GCC_WARN_ABOUT_RETURN_TYPE = YES_ERROR;
				GCC_WARN_UNDECLARED_SELECTOR = YES;
				GCC_WARN_UNINITIALIZED_AUTOS = YES_AGGRESSIVE;
				GCC_WARN_UNUSED_FUNCTION = YES;
				GCC_WARN_UNUSED_VARIABLE = YES;
				IPHONEOS_DEPLOYMENT_TARGET = 10.3;
				MTL_ENABLE_DEBUG_INFO = YES;
				ONLY_ACTIVE_ARCH = YES;
				SDKROOT = iphoneos;
				SWIFT_ACTIVE_COMPILATION_CONDITIONS = DEBUG;
				SWIFT_OPTIMIZATION_LEVEL = "-Onone";
				TARGETED_DEVICE_FAMILY = "1,2";
			};
			name = Debug;
		};
		FF1789C91E8926D20009F8C8 /* Release */ = {
			isa = XCBuildConfiguration;
			buildSettings = {
				ALWAYS_SEARCH_USER_PATHS = NO;
				CLANG_ANALYZER_NONNULL = YES;
				CLANG_ANALYZER_NUMBER_OBJECT_CONVERSION = YES_AGGRESSIVE;
				CLANG_CXX_LANGUAGE_STANDARD = "gnu++0x";
				CLANG_CXX_LIBRARY = "libc++";
				CLANG_ENABLE_MODULES = YES;
				CLANG_ENABLE_OBJC_ARC = YES;
				CLANG_WARN_BOOL_CONVERSION = YES;
				CLANG_WARN_CONSTANT_CONVERSION = YES;
				CLANG_WARN_DIRECT_OBJC_ISA_USAGE = YES_ERROR;
				CLANG_WARN_DOCUMENTATION_COMMENTS = YES;
				CLANG_WARN_EMPTY_BODY = YES;
				CLANG_WARN_ENUM_CONVERSION = YES;
				CLANG_WARN_INFINITE_RECURSION = YES;
				CLANG_WARN_INT_CONVERSION = YES;
				CLANG_WARN_OBJC_ROOT_CLASS = YES_ERROR;
				CLANG_WARN_SUSPICIOUS_MOVE = YES;
				CLANG_WARN_UNREACHABLE_CODE = YES;
				CLANG_WARN__DUPLICATE_METHOD_MATCH = YES;
				"CODE_SIGN_IDENTITY[sdk=iphoneos*]" = "iPhone Developer";
				COPY_PHASE_STRIP = NO;
				DEBUG_INFORMATION_FORMAT = "dwarf-with-dsym";
				ENABLE_NS_ASSERTIONS = NO;
				ENABLE_STRICT_OBJC_MSGSEND = YES;
				GCC_C_LANGUAGE_STANDARD = gnu99;
				GCC_NO_COMMON_BLOCKS = YES;
				GCC_WARN_64_TO_32_BIT_CONVERSION = YES;
				GCC_WARN_ABOUT_RETURN_TYPE = YES_ERROR;
				GCC_WARN_UNDECLARED_SELECTOR = YES;
				GCC_WARN_UNINITIALIZED_AUTOS = YES_AGGRESSIVE;
				GCC_WARN_UNUSED_FUNCTION = YES;
				GCC_WARN_UNUSED_VARIABLE = YES;
				IPHONEOS_DEPLOYMENT_TARGET = 10.3;
				MTL_ENABLE_DEBUG_INFO = NO;
				SDKROOT = iphoneos;
				SWIFT_OPTIMIZATION_LEVEL = "-Owholemodule";
				TARGETED_DEVICE_FAMILY = "1,2";
				VALIDATE_PRODUCT = YES;
			};
			name = Release;
		};
		FF1789CB1E8926D20009F8C8 /* Debug */ = {
			isa = XCBuildConfiguration;
			buildSettings = {
				ASSETCATALOG_COMPILER_APPICON_NAME = AppIcon;
				DEVELOPMENT_TEAM = 56AJJ634ZU;
				INFOPLIST_FILE = StudentsManagement/Info.plist;
				IPHONEOS_DEPLOYMENT_TARGET = 10.3;
				LD_RUNPATH_SEARCH_PATHS = "$(inherited) @executable_path/Frameworks";
				PRODUCT_BUNDLE_IDENTIFIER = com.example.Big0.StudentsManagement;
				PRODUCT_NAME = "$(TARGET_NAME)";
				SWIFT_VERSION = 3.0;
			};
			name = Debug;
		};
		FF1789CC1E8926D20009F8C8 /* Release */ = {
			isa = XCBuildConfiguration;
			buildSettings = {
				ASSETCATALOG_COMPILER_APPICON_NAME = AppIcon;
				DEVELOPMENT_TEAM = 56AJJ634ZU;
				INFOPLIST_FILE = StudentsManagement/Info.plist;
				IPHONEOS_DEPLOYMENT_TARGET = 10.3;
				LD_RUNPATH_SEARCH_PATHS = "$(inherited) @executable_path/Frameworks";
				PRODUCT_BUNDLE_IDENTIFIER = com.example.Big0.StudentsManagement;
				PRODUCT_NAME = "$(TARGET_NAME)";
				SWIFT_VERSION = 3.0;
			};
			name = Release;
		};
		FF1789E81E89337C0009F8C8 /* Debug */ = {
			isa = XCBuildConfiguration;
			buildSettings = {
				BUNDLE_LOADER = "$(TEST_HOST)";
				DEVELOPMENT_TEAM = 56AJJ634ZU;
				INFOPLIST_FILE = StudentsManagementTests/Info.plist;
				LD_RUNPATH_SEARCH_PATHS = "$(inherited) @executable_path/Frameworks @loader_path/Frameworks";
				PRODUCT_BUNDLE_IDENTIFIER = com.example.Big0.StudentsManagementTests;
				PRODUCT_NAME = "$(TARGET_NAME)";
				SWIFT_VERSION = 3.0;
				TEST_HOST = "$(BUILT_PRODUCTS_DIR)/StudentsManagement.app/StudentsManagement";
			};
			name = Debug;
		};
		FF1789E91E89337C0009F8C8 /* Release */ = {
			isa = XCBuildConfiguration;
			buildSettings = {
				BUNDLE_LOADER = "$(TEST_HOST)";
				DEVELOPMENT_TEAM = 56AJJ634ZU;
				INFOPLIST_FILE = StudentsManagementTests/Info.plist;
				LD_RUNPATH_SEARCH_PATHS = "$(inherited) @executable_path/Frameworks @loader_path/Frameworks";
				PRODUCT_BUNDLE_IDENTIFIER = com.example.Big0.StudentsManagementTests;
				PRODUCT_NAME = "$(TARGET_NAME)";
				SWIFT_VERSION = 3.0;
				TEST_HOST = "$(BUILT_PRODUCTS_DIR)/StudentsManagement.app/StudentsManagement";
			};
			name = Release;
		};
/* End XCBuildConfiguration section */

/* Begin XCConfigurationList section */
		FF1789B01E8926D20009F8C8 /* Build configuration list for PBXProject "StudentsManagement" */ = {
			isa = XCConfigurationList;
			buildConfigurations = (
				FF1789C81E8926D20009F8C8 /* Debug */,
				FF1789C91E8926D20009F8C8 /* Release */,
			);
			defaultConfigurationIsVisible = 0;
			defaultConfigurationName = Release;
		};
		FF1789CA1E8926D20009F8C8 /* Build configuration list for PBXNativeTarget "StudentsManagement" */ = {
			isa = XCConfigurationList;
			buildConfigurations = (
				FF1789CB1E8926D20009F8C8 /* Debug */,
				FF1789CC1E8926D20009F8C8 /* Release */,
			);
			defaultConfigurationIsVisible = 0;
			defaultConfigurationName = Release;
		};
		FF1789E71E89337C0009F8C8 /* Build configuration list for PBXNativeTarget "StudentsManagementTests" */ = {
			isa = XCConfigurationList;
			buildConfigurations = (
				FF1789E81E89337C0009F8C8 /* Debug */,
				FF1789E91E89337C0009F8C8 /* Release */,
			);
			defaultConfigurationIsVisible = 0;
			defaultConfigurationName = Release;
		};
/* End XCConfigurationList section */

/* Begin XCVersionGroup section */
		FF1789BF1E8926D20009F8C8 /* StudentsManagement.xcdatamodeld */ = {
			isa = XCVersionGroup;
			children = (
				FF1789C01E8926D20009F8C8 /* StudentsManagement.xcdatamodel */,
			);
			currentVersion = FF1789C01E8926D20009F8C8 /* StudentsManagement.xcdatamodel */;
			path = StudentsManagement.xcdatamodeld;
			sourceTree = "<group>";
			versionGroupType = wrapper.xcdatamodel;
		};
/* End XCVersionGroup section */
	};
	rootObject = FF1789AD1E8926D20009F8C8 /* Project object */;
}
